
Microsoft Visual Studio Solution File, Format Version 12.00
# Visual Studio Version 17
VisualStudioVersion = 17.0.31903.59
MinimumVisualStudioVersion = 10.0.40219.1
Project("{FAE04EC0-301F-11D3-BF4B-00C04F79EFBC}") = "SimpleCounter", "SimpleCounter\SimpleCounter.csproj", "{3F1D4CE6-D6D1-41C8-A49B-CC1BEA02190F}"
EndProject
Project("{FAE04EC0-301F-11D3-BF4B-00C04F79EFBC}") = "Test", "Test\Test.csproj", "{3F615362-D584-41AB-BEB2-4C7DE98504FC}"
EndProject
Global
	GlobalSection(SolutionConfigurationPlatforms) = preSolution
		Debug|Any CPU = Debug|Any CPU
		Debug|x64 = Debug|x64
		Debug|x86 = Debug|x86
		Release|Any CPU = Release|Any CPU
		Release|x64 = Release|x64
		Release|x86 = Release|x86
	EndGlobalSection
	GlobalSection(ProjectConfigurationPlatforms) = postSolution
		{3F1D4CE6-D6D1-41C8-A49B-CC1BEA02190F}.Debug|Any CPU.ActiveCfg = Debug|Any CPU
		{3F1D4CE6-D6D1-41C8-A49B-CC1BEA02190F}.Debug|Any CPU.Build.0 = Debug|Any CPU
		{3F1D4CE6-D6D1-41C8-A49B-CC1BEA02190F}.Debug|x64.ActiveCfg = Debug|Any CPU
		{3F1D4CE6-D6D1-41C8-A49B-CC1BEA02190F}.Debug|x64.Build.0 = Debug|Any CPU
		{3F1D4CE6-D6D1-41C8-A49B-CC1BEA02190F}.Debug|x86.ActiveCfg = Debug|Any CPU
		{3F1D4CE6-D6D1-41C8-A49B-CC1BEA02190F}.Debug|x86.Build.0 = Debug|Any CPU
		{3F1D4CE6-D6D1-41C8-A49B-CC1BEA02190F}.Release|Any CPU.ActiveCfg = Release|Any CPU
		{3F1D4CE6-D6D1-41C8-A49B-CC1BEA02190F}.Release|Any CPU.Build.0 = Release|Any CPU
		{3F1D4CE6-D6D1-41C8-A49B-CC1BEA02190F}.Release|x64.ActiveCfg = Release|Any CPU
		{3F1D4CE6-D6D1-41C8-A49B-CC1BEA02190F}.Release|x64.Build.0 = Release|Any CPU
		{3F1D4CE6-D6D1-41C8-A49B-CC1BEA02190F}.Release|x86.ActiveCfg = Release|Any CPU
		{3F1D4CE6-D6D1-41C8-A49B-CC1BEA02190F}.Release|x86.Build.0 = Release|Any CPU
		{3F615362-D584-41AB-BEB2-4C7DE98504FC}.Debug|Any CPU.ActiveCfg = Debug|Any CPU
		{3F615362-D584-41AB-BEB2-4C7DE98504FC}.Debug|Any CPU.Build.0 = Debug|Any CPU
		{3F615362-D584-41AB-BEB2-4C7DE98504FC}.Debug|x64.ActiveCfg = Debug|Any CPU
		{3F615362-D584-41AB-BEB2-4C7DE98504FC}.Debug|x64.Build.0 = Debug|Any CPU
		{3F615362-D584-41AB-BEB2-4C7DE98504FC}.Debug|x86.ActiveCfg = Debug|Any CPU
		{3F615362-D584-41AB-BEB2-4C7DE98504FC}.Debug|x86.Build.0 = Debug|Any CPU
		{3F615362-D584-41AB-BEB2-4C7DE98504FC}.Release|Any CPU.ActiveCfg = Release|Any CPU
		{3F615362-D584-41AB-BEB2-4C7DE98504FC}.Release|Any CPU.Build.0 = Release|Any CPU
		{3F615362-D584-41AB-BEB2-4C7DE98504FC}.Release|x64.ActiveCfg = Release|Any CPU
		{3F615362-D584-41AB-BEB2-4C7DE98504FC}.Release|x64.Build.0 = Release|Any CPU
		{3F615362-D584-41AB-BEB2-4C7DE98504FC}.Release|x86.ActiveCfg = Release|Any CPU
		{3F615362-D584-41AB-BEB2-4C7DE98504FC}.Release|x86.Build.0 = Release|Any CPU
	EndGlobalSection
	GlobalSection(SolutionProperties) = preSolution
		HideSolutionNode = FALSE
	EndGlobalSection
EndGlobal
